
Microsoft Visual Studio Solution File, Format Version 12.00
# Visual Studio Version 17
VisualStudioVersion = 17.1.32421.90
MinimumVisualStudioVersion = 10.0.40219.1
Project("{FAE04EC0-301F-11D3-BF4B-00C04F79EFBC}") = "Primera_Aplicacion", "Primera_Aplicacion\Primera_Aplicacion.csproj", "{ACD04331-054D-43D1-815E-8E8FF88ADD1B}"
EndProject
Global
	GlobalSection(SolutionConfigurationPlatforms) = preSolution
		Debug|Any CPU = Debug|Any CPU
		Release|Any CPU = Release|Any CPU
	EndGlobalSection
	GlobalSection(ProjectConfigurationPlatforms) = postSolution
		{ACD04331-054D-43D1-815E-8E8FF88ADD1B}.Debug|Any CPU.ActiveCfg = Debug|Any CPU
		{ACD04331-054D-43D1-815E-8E8FF88ADD1B}.Debug|Any CPU.Build.0 = Debug|Any CPU
		{ACD04331-054D-43D1-815E-8E8FF88ADD1B}.Release|Any CPU.ActiveCfg = Release|Any CPU
		{ACD04331-054D-43D1-815E-8E8FF88ADD1B}.Release|Any CPU.Build.0 = Release|Any CPU
	EndGlobalSection
	GlobalSection(SolutionProperties) = preSolution
		HideSolutionNode = FALSE
	EndGlobalSection
	GlobalSection(ExtensibilityGlobals) = postSolution
		SolutionGuid = {82045A5C-2F7B-4F53-8D1E-277082BE4A66}
	EndGlobalSection
EndGlobal
